<Solution>
  <Configurations>
    <Platform Name="x64" />
  </Configurations>
  <Folder Name="/Solution Items/">
    <File Path="Dockerfile" />
  </Folder>
  <Project Path="Console/Console.csproj" Id="946e4dec-7149-489e-af2a-fd47e4134129" >
    <Platform Project="x64" />
  </Project>
  <Project Path="Unscrambler.Web/Unscrambler.Web.csproj" >
    <Platform Project="x64" />
  </Project>
  <Project Path="Unscrambler/Unscrambler.csproj">
    <Platform Project="x64" />
  </Project>
</Solution>
